
Microsoft Visual Studio Solution File, Format Version 12.00
# Visual Studio Version 16
VisualStudioVersion = 25.0.1703.6
MinimumVisualStudioVersion = 10.0.40219.1
Project("{FAE04EC0-301F-11D3-BF4B-00C04F79EFBC}") = "Atcoder", "Atcoder\Atcoder.csproj", "{69D0C9BF-76AE-4594-AD54-FD22DD314ABB}"
EndProject
Global
	GlobalSection(SolutionConfigurationPlatforms) = preSolution
		Debug|Any CPU = Debug|Any CPU
		Release|Any CPU = Release|Any CPU
	EndGlobalSection
	GlobalSection(ProjectConfigurationPlatforms) = postSolution
		{69D0C9BF-76AE-4594-AD54-FD22DD314ABB}.Debug|Any CPU.ActiveCfg = Debug|Any CPU
		{69D0C9BF-76AE-4594-AD54-FD22DD314ABB}.Debug|Any CPU.Build.0 = Debug|Any CPU
		{69D0C9BF-76AE-4594-AD54-FD22DD314ABB}.Release|Any CPU.ActiveCfg = Release|Any CPU
		{69D0C9BF-76AE-4594-AD54-FD22DD314ABB}.Release|Any CPU.Build.0 = Release|Any CPU
	EndGlobalSection
	GlobalSection(SolutionProperties) = preSolution
		HideSolutionNode = FALSE
	EndGlobalSection
	GlobalSection(ExtensibilityGlobals) = postSolution
		SolutionGuid = {099DE757-87D1-4916-A3C0-AD227894F631}
	EndGlobalSection
EndGlobal
